{
  "version": 4,
  "terraform_version": "1.16.2",
  "serial": 14,
  "lineage": "676232e8-06f0-166f-bd28-497a53b26e63",
  "outputs": {
    "allowed_networks": {
      "value": [
        "10.0.0.0/8",
        "172.16.0.0/12",
        "192.168.0.0/16"
      ],
      "type": [
        "set",
        "string"
      ]
    },
    "application_config": {
      "value": {
        "description": "Aplicación de ejemplo",
        "name": "MyApp",
        "version": "1.0.0"
      },
      "type": [
        "object",
        {
          "description": "string",
          "name": "string",
          "version": "string"
        }
      ]
    },
    "application_name": {
      "value": "terraform",
      "type": "string"
    },
    "enable_monitoring": {
      "value": false,
      "type": "bool"
    },
    "environment_tags": {
      "value": {
        "dev": "Development",
        "prod": "Production"
      },
      "type": [
        "map",
        "string"
      ]
    },
    "regions": {
      "value": [
        "us-east-1",
        "us-west-2"
      ],
      "type": [
        "list",
        "string"
      ]
    },
    "unique": {
      "value": "terraform=dev-E6h{TX)!",
      "type": "string"
    }
  },
  "resources": [
    {
      "mode": "managed",
      "type": "random_string",
      "name": "suffix",
      "provider": "provider[\"registry.terraform.io/hashicorp/random\"]",
      "instances": [
        {
          "schema_version": 2,
          "attributes": {
            "id": "E6h{TX)!",
            "keepers": null,
            "length": 8,
            "lower": true,
            "min_lower": 0,
            "min_numeric": 0,
            "min_special": 0,
            "min_upper": 0,
            "number": true,
            "numeric": true,
            "override_special": null,
            "result": "E6h{TX)!",
            "special": true,
            "upper": true
          },
          "sensitive_attributes": [],
          "identity_schema_version": 0
        }
      ]
    }
  ],
  "check_results": null
}
