{
  "version": 4,
  "terraform_version": "1.16.2",
  "serial": 11,
  "lineage": "676232e8-06f0-166f-bd28-497a53b26e63",
  "outputs": {
    "application_name": {
      "value": "terraform",
      "type": "string"
    },
    "unique": {
      "value": "terraform=dev-SMwj:1GavSa6qLfw",
      "type": "string"
    }
  },
  "resources": [
    {
      "mode": "managed",
      "type": "random_string",
      "name": "suffix",
      "provider": "provider[\"registry.terraform.io/hashicorp/random\"]",
      "instances": [
        {
          "schema_version": 2,
          "attributes": {
            "id": "SMwj:1GavSa6qLfw",
            "keepers": null,
            "length": 16,
            "lower": true,
            "min_lower": 0,
            "min_numeric": 0,
            "min_special": 0,
            "min_upper": 0,
            "number": true,
            "numeric": true,
            "override_special": null,
            "result": "SMwj:1GavSa6qLfw",
            "special": true,
            "upper": true
          },
          "sensitive_attributes": [],
          "identity_schema_version": 0
        }
      ]
    }
  ],
  "check_results": null
}
